<?xml version="1.0" encoding="utf-8"?>
<Project ToolsVersion="4.0" xmlns="http://schemas.microsoft.com/developer/msbuild/2003">
  <ItemGroup>
    <Filter Include="Source Files">
      <UniqueIdentifier>{4FC737F1-C7A5-4376-A066-2A32D752A2FF}</UniqueIdentifier>
      <Extensions>cpp;c;cc;cxx;def;odl;idl;hpj;bat;asm;asmx</Extensions>
    </Filter>
    <Filter Include="Header Files">
      <UniqueIdentifier>{93995380-89BD-4b04-88EB-625FBE52EBFB}</UniqueIdentifier>
      <Extensions>h;hh;hpp;hxx;hm;inl;inc;xsd</Extensions>
    </Filter>
    <Filter Include="Resource Files">
      <UniqueIdentifier>{67DA6AB6-F800-4c08-8B7A-83BB121AAD01}</UniqueIdentifier>
      <Extensions>rc;ico;cur;bmp;dlg;rc2;rct;bin;rgs;gif;jpg;jpeg;jpe;resx;tiff;tif;png;wav;mfcribbon-ms</Extensions>
    </Filter>
    <Filter Include="Header Files\Robot">
      <UniqueIdentifier>{f3d62c80-2112-43e9-8ee1-f6d2853c9490}</UniqueIdentifier>
    </Filter>
    <Filter Include="Source Files\Robot">
      <UniqueIdentifier>{c81b2c95-2d18-434f-b313-d2d446bf84c5}</UniqueIdentifier>
    </Filter>
  </ItemGroup>
  <ItemGroup>
    <ClCompile Include="main.cpp">
      <Filter>Source Files</Filter>
    </ClCompile>
    <ClCompile Include="lib\Robot\Bounds.cc">
      <Filter>Source Files\Robot</Filter>
    </ClCompile>
    <ClCompile Include="lib\Robot\Clipboard.cc">
      <Filter>Source Files\Robot</Filter>
    </ClCompile>
    <ClCompile Include="lib\Robot\Color.cc">
      <Filter>Source Files\Robot</Filter>
    </ClCompile>
    <ClCompile Include="lib\Robot\Hash.cc">
      <Filter>Source Files\Robot</Filter>
    </ClCompile>
    <ClCompile Include="lib\Robot\Image.cc">
      <Filter>Source Files\Robot</Filter>
    </ClCompile>
    <ClCompile Include="lib\Robot\Keyboard.cc">
      <Filter>Source Files\Robot</Filter>
    </ClCompile>
    <ClCompile Include="lib\Robot\Memory.cc">
      <Filter>Source Files\Robot</Filter>
    </ClCompile>
    <ClCompile Include="lib\Robot\Module.cc">
      <Filter>Source Files\Robot</Filter>
    </ClCompile>
    <ClCompile Include="lib\Robot\Mouse.cc">
      <Filter>Source Files\Robot</Filter>
    </ClCompile>
    <ClCompile Include="lib\Robot\Point.cc">
      <Filter>Source Files\Robot</Filter>
    </ClCompile>
    <ClCompile Include="lib\Robot\Process.cc">
      <Filter>Source Files\Robot</Filter>
    </ClCompile>
    <ClCompile Include="lib\Robot\Range.cc">
      <Filter>Source Files\Robot</Filter>
    </ClCompile>
    <ClCompile Include="lib\Robot\Screen.cc">
      <Filter>Source Files\Robot</Filter>
    </ClCompile>
    <ClCompile Include="lib\Robot\Size.cc">
      <Filter>Source Files\Robot</Filter>
    </ClCompile>
    <ClCompile Include="lib\Robot\Timer.cc">
      <Filter>Source Files\Robot</Filter>
    </ClCompile>
    <ClCompile Include="lib\Robot\Window.cc">
      <Filter>Source Files\Robot</Filter>
    </ClCompile>
  </ItemGroup>
  <ItemGroup>
    <ClInclude Include="Utils.h">
      <Filter>Header Files</Filter>
    </ClInclude>
    <ClInclude Include="lib\Robot\Bounds.h">
      <Filter>Header Files\Robot</Filter>
    </ClInclude>
    <ClInclude Include="lib\Robot\Clipboard.h">
      <Filter>Header Files\Robot</Filter>
    </ClInclude>
    <ClInclude Include="lib\Robot\Color.h">
      <Filter>Header Files\Robot</Filter>
    </ClInclude>
    <ClInclude Include="lib\Robot\Enum.h">
      <Filter>Header Files\Robot</Filter>
    </ClInclude>
    <ClInclude Include="lib\Robot\Global.h">
      <Filter>Header Files\Robot</Filter>
    </ClInclude>
    <ClInclude Include="lib\Robot\Hash.h">
      <Filter>Header Files\Robot</Filter>
    </ClInclude>
    <ClInclude Include="lib\Robot\Image.h">
      <Filter>Header Files\Robot</Filter>
    </ClInclude>
    <ClInclude Include="lib\Robot\Keyboard.h">
      <Filter>Header Files\Robot</Filter>
    </ClInclude>
    <ClInclude Include="lib\Robot\Memory.h">
      <Filter>Header Files\Robot</Filter>
    </ClInclude>
    <ClInclude Include="lib\Robot\Module.h">
      <Filter>Header Files\Robot</Filter>
    </ClInclude>
    <ClInclude Include="lib\Robot\Mouse.h">
      <Filter>Header Files\Robot</Filter>
    </ClInclude>
    <ClInclude Include="lib\Robot\Point.h">
      <Filter>Header Files\Robot</Filter>
    </ClInclude>
    <ClInclude Include="lib\Robot\Process.h">
      <Filter>Header Files\Robot</Filter>
    </ClInclude>
    <ClInclude Include="lib\Robot\Range.h">
      <Filter>Header Files\Robot</Filter>
    </ClInclude>
    <ClInclude Include="lib\Robot\Robot.h">
      <Filter>Header Files\Robot</Filter>
    </ClInclude>
    <ClInclude Include="lib\Robot\Screen.h">
      <Filter>Header Files\Robot</Filter>
    </ClInclude>
    <ClInclude Include="lib\Robot\Size.h">
      <Filter>Header Files\Robot</Filter>
    </ClInclude>
    <ClInclude Include="lib\Robot\Timer.h">
      <Filter>Header Files\Robot</Filter>
    </ClInclude>
    <ClInclude Include="lib\Robot\Types.h">
      <Filter>Header Files\Robot</Filter>
    </ClInclude>
    <ClInclude Include="lib\Robot\Window.h">
      <Filter>Header Files\Robot</Filter>
    </ClInclude>
    <ClInclude Include="resource.h">
      <Filter>Header Files</Filter>
    </ClInclude>
  </ItemGroup>
  <ItemGroup>
    <ResourceCompile Include="BrightnessChanger.rc">
      <Filter>Resource Files</Filter>
    </ResourceCompile>
  </ItemGroup>
  <ItemGroup>
    <Image Include="..\..\..\..\Desktop\My Own Art\Sun.ico">
      <Filter>Resource Files</Filter>
    </Image>
  </ItemGroup>
</Project>